
Microsoft Visual Studio Solution File, Format Version 12.00
# Visual Studio Version 17
VisualStudioVersion = 17.4.33205.214
MinimumVisualStudioVersion = 10.0.40219.1
Project("{9A19103F-16F7-4668-BE54-9A1E7A4F7556}") = "Unitversal", "Unitversal\Unitversal.csproj", "{CC6457C9-0F34-4796-A5B5-DFD7F43193A4}"
EndProject
Project("{9A19103F-16F7-4668-BE54-9A1E7A4F7556}") = "Unitversal Library", "Unitversal Library\Unitversal Library.csproj", "{9532FB1F-9404-4CCA-A69E-6668C25A6AF4}"
EndProject
Global
	GlobalSection(SolutionConfigurationPlatforms) = preSolution
		Debug|Any CPU = Debug|Any CPU
		Release|Any CPU = Release|Any CPU
	EndGlobalSection
	GlobalSection(ProjectConfigurationPlatforms) = postSolution
		{CC6457C9-0F34-4796-A5B5-DFD7F43193A4}.Debug|Any CPU.ActiveCfg = Debug|Any CPU
		{CC6457C9-0F34-4796-A5B5-DFD7F43193A4}.Debug|Any CPU.Build.0 = Debug|Any CPU
		{CC6457C9-0F34-4796-A5B5-DFD7F43193A4}.Release|Any CPU.ActiveCfg = Release|Any CPU
		{CC6457C9-0F34-4796-A5B5-DFD7F43193A4}.Release|Any CPU.Build.0 = Release|Any CPU
		{9532FB1F-9404-4CCA-A69E-6668C25A6AF4}.Debug|Any CPU.ActiveCfg = Debug|Any CPU
		{9532FB1F-9404-4CCA-A69E-6668C25A6AF4}.Debug|Any CPU.Build.0 = Debug|Any CPU
		{9532FB1F-9404-4CCA-A69E-6668C25A6AF4}.Release|Any CPU.ActiveCfg = Release|Any CPU
		{9532FB1F-9404-4CCA-A69E-6668C25A6AF4}.Release|Any CPU.Build.0 = Release|Any CPU
	EndGlobalSection
	GlobalSection(SolutionProperties) = preSolution
		HideSolutionNode = FALSE
	EndGlobalSection
	GlobalSection(ExtensibilityGlobals) = postSolution
		SolutionGuid = {F52AFDE7-7496-4CA6-BF56-FE693B65D995}
	EndGlobalSection
EndGlobal
